
Microsoft Visual Studio Solution File, Format Version 12.00
# Visual Studio Version 17
VisualStudioVersion = 17.11.35222.181
MinimumVisualStudioVersion = 10.0.40219.1
Project("{FAE04EC0-301F-11D3-BF4B-00C04F79EFBC}") = "classe", "classe\classe.csproj", "{D9E95B82-4D02-484F-B2B9-8B3B01146522}"
EndProject
Global
	GlobalSection(SolutionConfigurationPlatforms) = preSolution
		Debug|Any CPU = Debug|Any CPU
		Release|Any CPU = Release|Any CPU
	EndGlobalSection
	GlobalSection(ProjectConfigurationPlatforms) = postSolution
		{D9E95B82-4D02-484F-B2B9-8B3B01146522}.Debug|Any CPU.ActiveCfg = Debug|Any CPU
		{D9E95B82-4D02-484F-B2B9-8B3B01146522}.Debug|Any CPU.Build.0 = Debug|Any CPU
		{D9E95B82-4D02-484F-B2B9-8B3B01146522}.Release|Any CPU.ActiveCfg = Release|Any CPU
		{D9E95B82-4D02-484F-B2B9-8B3B01146522}.Release|Any CPU.Build.0 = Release|Any CPU
	EndGlobalSection
	GlobalSection(SolutionProperties) = preSolution
		HideSolutionNode = FALSE
	EndGlobalSection
	GlobalSection(ExtensibilityGlobals) = postSolution
		SolutionGuid = {CE4F4F64-5ACF-4389-A3DB-DB9FEF81B69A}
	EndGlobalSection
EndGlobal
